
Microsoft Visual Studio Solution File, Format Version 12.00
# Visual Studio 15
VisualStudioVersion = 15.0.28010.2019
MinimumVisualStudioVersion = 10.0.40219.1
Project("{9A19103F-16F7-4668-BE54-9A1E7A4F7556}") = "DefaultValueAttributeFallbackTypeConverter", "DefaultValueAttributeFallbackTypeConverter.csproj", "{DF001683-F1E5-444A-B36A-16EA759FE07A}"
EndProject
Global
	GlobalSection(SolutionConfigurationPlatforms) = preSolution
		Debug|Any CPU = Debug|Any CPU
		Release|Any CPU = Release|Any CPU
	EndGlobalSection
	GlobalSection(ProjectConfigurationPlatforms) = postSolution
		{DF001683-F1E5-444A-B36A-16EA759FE07A}.Debug|Any CPU.ActiveCfg = Debug|Any CPU
		{DF001683-F1E5-444A-B36A-16EA759FE07A}.Debug|Any CPU.Build.0 = Debug|Any CPU
		{DF001683-F1E5-444A-B36A-16EA759FE07A}.Release|Any CPU.ActiveCfg = Release|Any CPU
		{DF001683-F1E5-444A-B36A-16EA759FE07A}.Release|Any CPU.Build.0 = Release|Any CPU
	EndGlobalSection
	GlobalSection(SolutionProperties) = preSolution
		HideSolutionNode = FALSE
	EndGlobalSection
	GlobalSection(ExtensibilityGlobals) = postSolution
		SolutionGuid = {0FF448F8-5C78-4D36-AD0C-2315D5782569}
	EndGlobalSection
EndGlobal
