
Microsoft Visual Studio Solution File, Format Version 12.00
# Visual Studio Version 16
VisualStudioVersion = 16.0.28803.202
MinimumVisualStudioVersion = 15.0.26124.0
Project("{9A19103F-16F7-4668-BE54-9A1E7A4F7556}") = "Exp1", "Exp1\Exp1.csproj", "{2391C809-187B-42B2-B129-2786F6CE5389}"
EndProject
Project("{8BC9CEB8-8B4A-11D0-8D11-00A0C91BC942}") = "CPP_Playground", "CPP_Playground\CPP_Playground.vcxproj", "{0F688772-7A17-4670-9489-EC3C6B24A4D8}"
EndProject
Global
	GlobalSection(SolutionConfigurationPlatforms) = preSolution
		Debug|Any CPU = Debug|Any CPU
		Debug|x64 = Debug|x64
		Debug|x86 = Debug|x86
		Release|Any CPU = Release|Any CPU
		Release|x64 = Release|x64
		Release|x86 = Release|x86
	EndGlobalSection
	GlobalSection(ProjectConfigurationPlatforms) = postSolution
		{2391C809-187B-42B2-B129-2786F6CE5389}.Debug|Any CPU.ActiveCfg = Debug|Any CPU
		{2391C809-187B-42B2-B129-2786F6CE5389}.Debug|Any CPU.Build.0 = Debug|Any CPU
		{2391C809-187B-42B2-B129-2786F6CE5389}.Debug|x64.ActiveCfg = Debug|Any CPU
		{2391C809-187B-42B2-B129-2786F6CE5389}.Debug|x64.Build.0 = Debug|Any CPU
		{2391C809-187B-42B2-B129-2786F6CE5389}.Debug|x86.ActiveCfg = Debug|Any CPU
		{2391C809-187B-42B2-B129-2786F6CE5389}.Debug|x86.Build.0 = Debug|Any CPU
		{2391C809-187B-42B2-B129-2786F6CE5389}.Release|Any CPU.ActiveCfg = Release|Any CPU
		{2391C809-187B-42B2-B129-2786F6CE5389}.Release|Any CPU.Build.0 = Release|Any CPU
		{2391C809-187B-42B2-B129-2786F6CE5389}.Release|x64.ActiveCfg = Release|Any CPU
		{2391C809-187B-42B2-B129-2786F6CE5389}.Release|x64.Build.0 = Release|Any CPU
		{2391C809-187B-42B2-B129-2786F6CE5389}.Release|x86.ActiveCfg = Release|Any CPU
		{2391C809-187B-42B2-B129-2786F6CE5389}.Release|x86.Build.0 = Release|Any CPU
		{0F688772-7A17-4670-9489-EC3C6B24A4D8}.Debug|Any CPU.ActiveCfg = Debug|Win32
		{0F688772-7A17-4670-9489-EC3C6B24A4D8}.Debug|x64.ActiveCfg = Debug|x64
		{0F688772-7A17-4670-9489-EC3C6B24A4D8}.Debug|x64.Build.0 = Debug|x64
		{0F688772-7A17-4670-9489-EC3C6B24A4D8}.Debug|x86.ActiveCfg = Debug|Win32
		{0F688772-7A17-4670-9489-EC3C6B24A4D8}.Debug|x86.Build.0 = Debug|Win32
		{0F688772-7A17-4670-9489-EC3C6B24A4D8}.Release|Any CPU.ActiveCfg = Release|Win32
		{0F688772-7A17-4670-9489-EC3C6B24A4D8}.Release|x64.ActiveCfg = Release|x64
		{0F688772-7A17-4670-9489-EC3C6B24A4D8}.Release|x64.Build.0 = Release|x64
		{0F688772-7A17-4670-9489-EC3C6B24A4D8}.Release|x86.ActiveCfg = Release|Win32
		{0F688772-7A17-4670-9489-EC3C6B24A4D8}.Release|x86.Build.0 = Release|Win32
	EndGlobalSection
	GlobalSection(SolutionProperties) = preSolution
		HideSolutionNode = FALSE
	EndGlobalSection
	GlobalSection(ExtensibilityGlobals) = postSolution
		SolutionGuid = {6E23D0C2-25D0-4925-8B7E-055C3C2BB97B}
	EndGlobalSection
EndGlobal
