
Microsoft Visual Studio Solution File, Format Version 12.00
# Visual Studio 15
VisualStudioVersion = 15.0.27703.2035
MinimumVisualStudioVersion = 10.0.40219.1
Project("{9A19103F-16F7-4668-BE54-9A1E7A4F7556}") = "DictionaryConcurrentAccessDetection", "DictionaryConcurrentAccessDetection\DictionaryConcurrentAccessDetection.csproj", "{D7D09F35-8B03-4453-B458-9728E4CA6EDF}"
EndProject
Project("{9A19103F-16F7-4668-BE54-9A1E7A4F7556}") = "RegExPerf", "RegExPerf\RegExPerf.csproj", "{AA3D2342-D9B4-4A3A-8C51-B3B62D3072B0}"
EndProject
Project("{FAE04EC0-301F-11D3-BF4B-00C04F79EFBC}") = "PerformanceData", "PerformanceData\PerformanceData.csproj", "{A4684A71-C7F8-47A9-9932-930DA0AC9725}"
EndProject
Project("{FAE04EC0-301F-11D3-BF4B-00C04F79EFBC}") = "DefaultValueAttributeFallbackTypeConverter", "DefaultValueAttributeFallbackTypeConverter\DefaultValueAttributeFallbackTypeConverter.csproj", "{FB91F216-087E-4BDB-8892-8391A0F6216D}"
EndProject
Global
	GlobalSection(SolutionConfigurationPlatforms) = preSolution
		Debug|Any CPU = Debug|Any CPU
		Release|Any CPU = Release|Any CPU
	EndGlobalSection
	GlobalSection(ProjectConfigurationPlatforms) = postSolution
		{D7D09F35-8B03-4453-B458-9728E4CA6EDF}.Debug|Any CPU.ActiveCfg = Debug|Any CPU
		{D7D09F35-8B03-4453-B458-9728E4CA6EDF}.Debug|Any CPU.Build.0 = Debug|Any CPU
		{D7D09F35-8B03-4453-B458-9728E4CA6EDF}.Release|Any CPU.ActiveCfg = Release|Any CPU
		{D7D09F35-8B03-4453-B458-9728E4CA6EDF}.Release|Any CPU.Build.0 = Release|Any CPU
		{AA3D2342-D9B4-4A3A-8C51-B3B62D3072B0}.Debug|Any CPU.ActiveCfg = Debug|Any CPU
		{AA3D2342-D9B4-4A3A-8C51-B3B62D3072B0}.Debug|Any CPU.Build.0 = Debug|Any CPU
		{AA3D2342-D9B4-4A3A-8C51-B3B62D3072B0}.Release|Any CPU.ActiveCfg = Release|Any CPU
		{AA3D2342-D9B4-4A3A-8C51-B3B62D3072B0}.Release|Any CPU.Build.0 = Release|Any CPU
		{A4684A71-C7F8-47A9-9932-930DA0AC9725}.Debug|Any CPU.ActiveCfg = Debug|Any CPU
		{A4684A71-C7F8-47A9-9932-930DA0AC9725}.Debug|Any CPU.Build.0 = Debug|Any CPU
		{A4684A71-C7F8-47A9-9932-930DA0AC9725}.Release|Any CPU.ActiveCfg = Release|Any CPU
		{A4684A71-C7F8-47A9-9932-930DA0AC9725}.Release|Any CPU.Build.0 = Release|Any CPU
		{FB91F216-087E-4BDB-8892-8391A0F6216D}.Debug|Any CPU.ActiveCfg = Debug|Any CPU
		{FB91F216-087E-4BDB-8892-8391A0F6216D}.Debug|Any CPU.Build.0 = Debug|Any CPU
		{FB91F216-087E-4BDB-8892-8391A0F6216D}.Release|Any CPU.ActiveCfg = Release|Any CPU
		{FB91F216-087E-4BDB-8892-8391A0F6216D}.Release|Any CPU.Build.0 = Release|Any CPU
	EndGlobalSection
	GlobalSection(SolutionProperties) = preSolution
		HideSolutionNode = FALSE
	EndGlobalSection
	GlobalSection(ExtensibilityGlobals) = postSolution
		SolutionGuid = {17E122CE-2A88-4F8C-AECB-6ACB418AFB36}
	EndGlobalSection
EndGlobal
