Microsoft Visual Studio Solution File, Format Version 12.00
# Visual Studio 15
VisualStudioVersion = 15.0.27004.2010
MinimumVisualStudioVersion = 10.0.40219.1
Project("{2150E333-8FDC-42A3-9474-1A3956D46DE8}") = "src", "src", "{4A383123-6F2B-4F5D-95AB-71CF60921F5D}"
EndProject
Project("{2150E333-8FDC-42A3-9474-1A3956D46DE8}") = "test", "test", "{760E90CA-BB12-41CD-A997-326AB2141228}"
EndProject
Project("{9A19103F-16F7-4668-BE54-9A1E7A4F7556}") = "Keys.Api", "src\Keys.Api\Keys.Api.csproj", "{89D7D61A-043A-489C-9FDD-2ECCE12026F3}"
EndProject
Project("{9A19103F-16F7-4668-BE54-9A1E7A4F7556}") = "Keys.Data", "src\Keys.Data\Keys.Data.csproj", "{19FDE4BE-89E3-49D6-8666-4B89C51C9131}"
EndProject
Project("{9A19103F-16F7-4668-BE54-9A1E7A4F7556}") = "Keys.Application", "src\Keys.Application\Keys.Application.csproj", "{EBD12BF9-6D2D-40BA-9999-B93ECC511264}"
EndProject
Project("{9A19103F-16F7-4668-BE54-9A1E7A4F7556}") = "Keys.Data.Tests", "test\Keys.Data.Tests\Keys.Data.Tests.csproj", "{CB7463C6-2415-4CAF-B8A4-92947DFE56CE}"
EndProject
Project("{9A19103F-16F7-4668-BE54-9A1E7A4F7556}") = "Keys.Application.Tests", "test\Keys.Application.Tests\Keys.Application.Tests.csproj", "{4A87F0D4-F706-4799-81CF-F2502161B7BD}"
EndProject
Project("{9A19103F-16F7-4668-BE54-9A1E7A4F7556}") = "Keys.Api.Tests", "test\Keys.Api.Tests\Keys.Api.Tests.csproj", "{88C996C9-CF1D-4607-BA46-934C0FAFE17F}"
EndProject
Global
	GlobalSection(SolutionConfigurationPlatforms) = preSolution
		Debug|Any CPU = Debug|Any CPU
		Debug|x64 = Debug|x64
		Debug|x86 = Debug|x86
		Release|Any CPU = Release|Any CPU
		Release|x64 = Release|x64
		Release|x86 = Release|x86
	EndGlobalSection
	GlobalSection(ProjectConfigurationPlatforms) = postSolution
		{89D7D61A-043A-489C-9FDD-2ECCE12026F3}.Debug|Any CPU.ActiveCfg = Debug|Any CPU
		{89D7D61A-043A-489C-9FDD-2ECCE12026F3}.Debug|Any CPU.Build.0 = Debug|Any CPU
		{89D7D61A-043A-489C-9FDD-2ECCE12026F3}.Debug|x64.ActiveCfg = Debug|Any CPU
		{89D7D61A-043A-489C-9FDD-2ECCE12026F3}.Debug|x64.Build.0 = Debug|Any CPU
		{89D7D61A-043A-489C-9FDD-2ECCE12026F3}.Debug|x86.ActiveCfg = Debug|Any CPU
		{89D7D61A-043A-489C-9FDD-2ECCE12026F3}.Debug|x86.Build.0 = Debug|Any CPU
		{89D7D61A-043A-489C-9FDD-2ECCE12026F3}.Release|Any CPU.ActiveCfg = Release|Any CPU
		{89D7D61A-043A-489C-9FDD-2ECCE12026F3}.Release|Any CPU.Build.0 = Release|Any CPU
		{89D7D61A-043A-489C-9FDD-2ECCE12026F3}.Release|x64.ActiveCfg = Release|Any CPU
		{89D7D61A-043A-489C-9FDD-2ECCE12026F3}.Release|x64.Build.0 = Release|Any CPU
		{89D7D61A-043A-489C-9FDD-2ECCE12026F3}.Release|x86.ActiveCfg = Release|Any CPU
		{89D7D61A-043A-489C-9FDD-2ECCE12026F3}.Release|x86.Build.0 = Release|Any CPU
		{19FDE4BE-89E3-49D6-8666-4B89C51C9131}.Debug|Any CPU.ActiveCfg = Debug|Any CPU
		{19FDE4BE-89E3-49D6-8666-4B89C51C9131}.Debug|Any CPU.Build.0 = Debug|Any CPU
		{19FDE4BE-89E3-49D6-8666-4B89C51C9131}.Debug|x64.ActiveCfg = Debug|Any CPU
		{19FDE4BE-89E3-49D6-8666-4B89C51C9131}.Debug|x64.Build.0 = Debug|Any CPU
		{19FDE4BE-89E3-49D6-8666-4B89C51C9131}.Debug|x86.ActiveCfg = Debug|Any CPU
		{19FDE4BE-89E3-49D6-8666-4B89C51C9131}.Debug|x86.Build.0 = Debug|Any CPU
		{19FDE4BE-89E3-49D6-8666-4B89C51C9131}.Release|Any CPU.ActiveCfg = Release|Any CPU
		{19FDE4BE-89E3-49D6-8666-4B89C51C9131}.Release|Any CPU.Build.0 = Release|Any CPU
		{19FDE4BE-89E3-49D6-8666-4B89C51C9131}.Release|x64.ActiveCfg = Release|Any CPU
		{19FDE4BE-89E3-49D6-8666-4B89C51C9131}.Release|x64.Build.0 = Release|Any CPU
		{19FDE4BE-89E3-49D6-8666-4B89C51C9131}.Release|x86.ActiveCfg = Release|Any CPU
		{19FDE4BE-89E3-49D6-8666-4B89C51C9131}.Release|x86.Build.0 = Release|Any CPU
		{EBD12BF9-6D2D-40BA-9999-B93ECC511264}.Debug|Any CPU.ActiveCfg = Debug|Any CPU
		{EBD12BF9-6D2D-40BA-9999-B93ECC511264}.Debug|Any CPU.Build.0 = Debug|Any CPU
		{EBD12BF9-6D2D-40BA-9999-B93ECC511264}.Debug|x64.ActiveCfg = Debug|Any CPU
		{EBD12BF9-6D2D-40BA-9999-B93ECC511264}.Debug|x64.Build.0 = Debug|Any CPU
		{EBD12BF9-6D2D-40BA-9999-B93ECC511264}.Debug|x86.ActiveCfg = Debug|Any CPU
		{EBD12BF9-6D2D-40BA-9999-B93ECC511264}.Debug|x86.Build.0 = Debug|Any CPU
		{EBD12BF9-6D2D-40BA-9999-B93ECC511264}.Release|Any CPU.ActiveCfg = Release|Any CPU
		{EBD12BF9-6D2D-40BA-9999-B93ECC511264}.Release|Any CPU.Build.0 = Release|Any CPU
		{EBD12BF9-6D2D-40BA-9999-B93ECC511264}.Release|x64.ActiveCfg = Release|Any CPU
		{EBD12BF9-6D2D-40BA-9999-B93ECC511264}.Release|x64.Build.0 = Release|Any CPU
		{EBD12BF9-6D2D-40BA-9999-B93ECC511264}.Release|x86.ActiveCfg = Release|Any CPU
		{EBD12BF9-6D2D-40BA-9999-B93ECC511264}.Release|x86.Build.0 = Release|Any CPU
		{CB7463C6-2415-4CAF-B8A4-92947DFE56CE}.Debug|Any CPU.ActiveCfg = Debug|Any CPU
		{CB7463C6-2415-4CAF-B8A4-92947DFE56CE}.Debug|Any CPU.Build.0 = Debug|Any CPU
		{CB7463C6-2415-4CAF-B8A4-92947DFE56CE}.Debug|x64.ActiveCfg = Debug|Any CPU
		{CB7463C6-2415-4CAF-B8A4-92947DFE56CE}.Debug|x64.Build.0 = Debug|Any CPU
		{CB7463C6-2415-4CAF-B8A4-92947DFE56CE}.Debug|x86.ActiveCfg = Debug|Any CPU
		{CB7463C6-2415-4CAF-B8A4-92947DFE56CE}.Debug|x86.Build.0 = Debug|Any CPU
		{CB7463C6-2415-4CAF-B8A4-92947DFE56CE}.Release|Any CPU.ActiveCfg = Release|Any CPU
		{CB7463C6-2415-4CAF-B8A4-92947DFE56CE}.Release|Any CPU.Build.0 = Release|Any CPU
		{CB7463C6-2415-4CAF-B8A4-92947DFE56CE}.Release|x64.ActiveCfg = Release|Any CPU
		{CB7463C6-2415-4CAF-B8A4-92947DFE56CE}.Release|x64.Build.0 = Release|Any CPU
		{CB7463C6-2415-4CAF-B8A4-92947DFE56CE}.Release|x86.ActiveCfg = Release|Any CPU
		{CB7463C6-2415-4CAF-B8A4-92947DFE56CE}.Release|x86.Build.0 = Release|Any CPU
		{4A87F0D4-F706-4799-81CF-F2502161B7BD}.Debug|Any CPU.ActiveCfg = Debug|Any CPU
		{4A87F0D4-F706-4799-81CF-F2502161B7BD}.Debug|Any CPU.Build.0 = Debug|Any CPU
		{4A87F0D4-F706-4799-81CF-F2502161B7BD}.Debug|x64.ActiveCfg = Debug|Any CPU
		{4A87F0D4-F706-4799-81CF-F2502161B7BD}.Debug|x64.Build.0 = Debug|Any CPU
		{4A87F0D4-F706-4799-81CF-F2502161B7BD}.Debug|x86.ActiveCfg = Debug|Any CPU
		{4A87F0D4-F706-4799-81CF-F2502161B7BD}.Debug|x86.Build.0 = Debug|Any CPU
		{4A87F0D4-F706-4799-81CF-F2502161B7BD}.Release|Any CPU.ActiveCfg = Release|Any CPU
		{4A87F0D4-F706-4799-81CF-F2502161B7BD}.Release|Any CPU.Build.0 = Release|Any CPU
		{4A87F0D4-F706-4799-81CF-F2502161B7BD}.Release|x64.ActiveCfg = Release|Any CPU
		{4A87F0D4-F706-4799-81CF-F2502161B7BD}.Release|x64.Build.0 = Release|Any CPU
		{4A87F0D4-F706-4799-81CF-F2502161B7BD}.Release|x86.ActiveCfg = Release|Any CPU
		{4A87F0D4-F706-4799-81CF-F2502161B7BD}.Release|x86.Build.0 = Release|Any CPU
		{88C996C9-CF1D-4607-BA46-934C0FAFE17F}.Debug|Any CPU.ActiveCfg = Debug|Any CPU
		{88C996C9-CF1D-4607-BA46-934C0FAFE17F}.Debug|Any CPU.Build.0 = Debug|Any CPU
		{88C996C9-CF1D-4607-BA46-934C0FAFE17F}.Debug|x64.ActiveCfg = Debug|Any CPU
		{88C996C9-CF1D-4607-BA46-934C0FAFE17F}.Debug|x64.Build.0 = Debug|Any CPU
		{88C996C9-CF1D-4607-BA46-934C0FAFE17F}.Debug|x86.ActiveCfg = Debug|Any CPU
		{88C996C9-CF1D-4607-BA46-934C0FAFE17F}.Debug|x86.Build.0 = Debug|Any CPU
		{88C996C9-CF1D-4607-BA46-934C0FAFE17F}.Release|Any CPU.ActiveCfg = Release|Any CPU
		{88C996C9-CF1D-4607-BA46-934C0FAFE17F}.Release|Any CPU.Build.0 = Release|Any CPU
		{88C996C9-CF1D-4607-BA46-934C0FAFE17F}.Release|x64.ActiveCfg = Release|Any CPU
		{88C996C9-CF1D-4607-BA46-934C0FAFE17F}.Release|x64.Build.0 = Release|Any CPU
		{88C996C9-CF1D-4607-BA46-934C0FAFE17F}.Release|x86.ActiveCfg = Release|Any CPU
		{88C996C9-CF1D-4607-BA46-934C0FAFE17F}.Release|x86.Build.0 = Release|Any CPU
		{51031572-8155-4880-B700-CF3759340BAB}.Debug|Any CPU.ActiveCfg = Debug|Any CPU
		{51031572-8155-4880-B700-CF3759340BAB}.Debug|Any CPU.Build.0 = Debug|Any CPU
		{51031572-8155-4880-B700-CF3759340BAB}.Debug|x64.ActiveCfg = Debug|Any CPU
		{51031572-8155-4880-B700-CF3759340BAB}.Debug|x64.Build.0 = Debug|Any CPU
		{51031572-8155-4880-B700-CF3759340BAB}.Debug|x86.ActiveCfg = Debug|Any CPU
		{51031572-8155-4880-B700-CF3759340BAB}.Debug|x86.Build.0 = Debug|Any CPU
		{51031572-8155-4880-B700-CF3759340BAB}.Release|Any CPU.ActiveCfg = Release|Any CPU
		{51031572-8155-4880-B700-CF3759340BAB}.Release|Any CPU.Build.0 = Release|Any CPU
		{51031572-8155-4880-B700-CF3759340BAB}.Release|x64.ActiveCfg = Release|Any CPU
		{51031572-8155-4880-B700-CF3759340BAB}.Release|x64.Build.0 = Release|Any CPU
		{51031572-8155-4880-B700-CF3759340BAB}.Release|x86.ActiveCfg = Release|Any CPU
		{51031572-8155-4880-B700-CF3759340BAB}.Release|x86.Build.0 = Release|Any CPU
	EndGlobalSection
	GlobalSection(SolutionProperties) = preSolution
		HideSolutionNode = FALSE
	EndGlobalSection
	GlobalSection(NestedProjects) = preSolution
		{89D7D61A-043A-489C-9FDD-2ECCE12026F3} = {4A383123-6F2B-4F5D-95AB-71CF60921F5D}
		{19FDE4BE-89E3-49D6-8666-4B89C51C9131} = {4A383123-6F2B-4F5D-95AB-71CF60921F5D}
		{EBD12BF9-6D2D-40BA-9999-B93ECC511264} = {4A383123-6F2B-4F5D-95AB-71CF60921F5D}
		{CB7463C6-2415-4CAF-B8A4-92947DFE56CE} = {760E90CA-BB12-41CD-A997-326AB2141228}
		{4A87F0D4-F706-4799-81CF-F2502161B7BD} = {760E90CA-BB12-41CD-A997-326AB2141228}
		{88C996C9-CF1D-4607-BA46-934C0FAFE17F} = {760E90CA-BB12-41CD-A997-326AB2141228}
	EndGlobalSection
	GlobalSection(ExtensibilityGlobals) = postSolution
		SolutionGuid = {E01C10AF-F95D-40C3-A11D-40227D35D8A7}
	EndGlobalSection
EndGlobal
