
Microsoft Visual Studio Solution File, Format Version 12.00
# Visual Studio 15
VisualStudioVersion = 15.0.28010.2050
MinimumVisualStudioVersion = 10.0.40219.1
Project("{FAE04EC0-301F-11D3-BF4B-00C04F79EFBC}") = "BenchmarksImpersonate", "BenchmarksImpersonate\BenchmarksImpersonate.csproj", "{F6E4DF91-6E21-495F-BE4B-B2F1C56D339C}"
EndProject
Global
	GlobalSection(SolutionConfigurationPlatforms) = preSolution
		Debug|Any CPU = Debug|Any CPU
		Release|Any CPU = Release|Any CPU
	EndGlobalSection
	GlobalSection(ProjectConfigurationPlatforms) = postSolution
		{F6E4DF91-6E21-495F-BE4B-B2F1C56D339C}.Debug|Any CPU.ActiveCfg = Debug|Any CPU
		{F6E4DF91-6E21-495F-BE4B-B2F1C56D339C}.Debug|Any CPU.Build.0 = Debug|Any CPU
		{F6E4DF91-6E21-495F-BE4B-B2F1C56D339C}.Release|Any CPU.ActiveCfg = Release|Any CPU
		{F6E4DF91-6E21-495F-BE4B-B2F1C56D339C}.Release|Any CPU.Build.0 = Release|Any CPU
	EndGlobalSection
	GlobalSection(SolutionProperties) = preSolution
		HideSolutionNode = FALSE
	EndGlobalSection
	GlobalSection(ExtensibilityGlobals) = postSolution
		SolutionGuid = {C1372A9E-0576-4F10-898D-2327C1F52873}
	EndGlobalSection
EndGlobal
