
Microsoft Visual Studio Solution File, Format Version 12.00
# Visual Studio Version 16
VisualStudioVersion = 16.0.29006.145
MinimumVisualStudioVersion = 10.0.40219.1
Project("{9A19103F-16F7-4668-BE54-9A1E7A4F7556}") = "Interview", "Interview.csproj", "{267FF9B7-53A3-49DD-99C6-766746EAD387}"
EndProject
Global
	GlobalSection(SolutionConfigurationPlatforms) = preSolution
		Debug|Any CPU = Debug|Any CPU
		Release|Any CPU = Release|Any CPU
	EndGlobalSection
	GlobalSection(ProjectConfigurationPlatforms) = postSolution
		{267FF9B7-53A3-49DD-99C6-766746EAD387}.Debug|Any CPU.ActiveCfg = Debug|Any CPU
		{267FF9B7-53A3-49DD-99C6-766746EAD387}.Debug|Any CPU.Build.0 = Debug|Any CPU
		{267FF9B7-53A3-49DD-99C6-766746EAD387}.Release|Any CPU.ActiveCfg = Release|Any CPU
		{267FF9B7-53A3-49DD-99C6-766746EAD387}.Release|Any CPU.Build.0 = Release|Any CPU
	EndGlobalSection
	GlobalSection(SolutionProperties) = preSolution
		HideSolutionNode = FALSE
	EndGlobalSection
	GlobalSection(ExtensibilityGlobals) = postSolution
		SolutionGuid = {4AF90215-2B1B-4D78-8856-02065A023FE7}
	EndGlobalSection
EndGlobal
