
Microsoft Visual Studio Solution File, Format Version 12.00
# Visual Studio 15
VisualStudioVersion = 15.0.28010.2019
MinimumVisualStudioVersion = 10.0.40219.1
Project("{FAE04EC0-301F-11D3-BF4B-00C04F79EFBC}") = "netfxinterface", "netfxinterface\netfxinterface.csproj", "{3AC2C70C-45BC-4D5D-84B8-F33D472E0290}"
EndProject
Project("{FAE04EC0-301F-11D3-BF4B-00C04F79EFBC}") = "netfxlib", "netfxlib\netfxlib.csproj", "{580230A3-F986-4C74-BF0E-6152D18DE2BA}"
EndProject
Project("{9A19103F-16F7-4668-BE54-9A1E7A4F7556}") = "netcoreappinterface", "netcoreappinterface\netcoreappinterface.csproj", "{1B43C118-8CF5-43BF-85FD-CF3B1BA46375}"
EndProject
Project("{9A19103F-16F7-4668-BE54-9A1E7A4F7556}") = "netcoreapplib", "netcoreapplib\netcoreapplib.csproj", "{308D5B20-7F8F-4AE9-B0BA-B924BD92F70B}"
EndProject
Project("{2150E333-8FDC-42A3-9474-1A3956D46DE8}") = "Solution Items", "Solution Items", "{92AD633A-F23D-479D-95FC-95D052A1173D}"
	ProjectSection(SolutionItems) = preProject
		InterfaceTestPEVerifiable.il = InterfaceTestPEVerifiable.il
		InterfaceTestPEVerifiable.ilproj = InterfaceTestPEVerifiable.ilproj
		run.cmd = run.cmd
	EndProjectSection
EndProject
Project("{9A19103F-16F7-4668-BE54-9A1E7A4F7556}") = "MetadataPlayground", "MetadataPlayground\MetadataPlayground.csproj", "{9E55721D-098C-4C46-AEDF-8CF93F8AA732}"
EndProject
Project("{FAE04EC0-301F-11D3-BF4B-00C04F79EFBC}") = "netcoreappgenericinterface", "netcoreappgenericinterface\netcoreappgenericinterface.csproj", "{6F1F2C21-7FF4-4052-9AE3-A6EF675B3F7B}"
EndProject
Global
	GlobalSection(SolutionConfigurationPlatforms) = preSolution
		Debug|Any CPU = Debug|Any CPU
		Release|Any CPU = Release|Any CPU
	EndGlobalSection
	GlobalSection(ProjectConfigurationPlatforms) = postSolution
		{3AC2C70C-45BC-4D5D-84B8-F33D472E0290}.Debug|Any CPU.ActiveCfg = Debug|Any CPU
		{3AC2C70C-45BC-4D5D-84B8-F33D472E0290}.Debug|Any CPU.Build.0 = Debug|Any CPU
		{3AC2C70C-45BC-4D5D-84B8-F33D472E0290}.Release|Any CPU.ActiveCfg = Release|Any CPU
		{3AC2C70C-45BC-4D5D-84B8-F33D472E0290}.Release|Any CPU.Build.0 = Release|Any CPU
		{580230A3-F986-4C74-BF0E-6152D18DE2BA}.Debug|Any CPU.ActiveCfg = Debug|Any CPU
		{580230A3-F986-4C74-BF0E-6152D18DE2BA}.Debug|Any CPU.Build.0 = Debug|Any CPU
		{580230A3-F986-4C74-BF0E-6152D18DE2BA}.Release|Any CPU.ActiveCfg = Release|Any CPU
		{580230A3-F986-4C74-BF0E-6152D18DE2BA}.Release|Any CPU.Build.0 = Release|Any CPU
		{1B43C118-8CF5-43BF-85FD-CF3B1BA46375}.Debug|Any CPU.ActiveCfg = Debug|Any CPU
		{1B43C118-8CF5-43BF-85FD-CF3B1BA46375}.Debug|Any CPU.Build.0 = Debug|Any CPU
		{1B43C118-8CF5-43BF-85FD-CF3B1BA46375}.Release|Any CPU.ActiveCfg = Release|Any CPU
		{1B43C118-8CF5-43BF-85FD-CF3B1BA46375}.Release|Any CPU.Build.0 = Release|Any CPU
		{308D5B20-7F8F-4AE9-B0BA-B924BD92F70B}.Debug|Any CPU.ActiveCfg = Debug|Any CPU
		{308D5B20-7F8F-4AE9-B0BA-B924BD92F70B}.Debug|Any CPU.Build.0 = Debug|Any CPU
		{308D5B20-7F8F-4AE9-B0BA-B924BD92F70B}.Release|Any CPU.ActiveCfg = Release|Any CPU
		{308D5B20-7F8F-4AE9-B0BA-B924BD92F70B}.Release|Any CPU.Build.0 = Release|Any CPU
		{9E55721D-098C-4C46-AEDF-8CF93F8AA732}.Debug|Any CPU.ActiveCfg = Debug|Any CPU
		{9E55721D-098C-4C46-AEDF-8CF93F8AA732}.Debug|Any CPU.Build.0 = Debug|Any CPU
		{9E55721D-098C-4C46-AEDF-8CF93F8AA732}.Release|Any CPU.ActiveCfg = Release|Any CPU
		{9E55721D-098C-4C46-AEDF-8CF93F8AA732}.Release|Any CPU.Build.0 = Release|Any CPU
		{6F1F2C21-7FF4-4052-9AE3-A6EF675B3F7B}.Debug|Any CPU.ActiveCfg = Debug|Any CPU
		{6F1F2C21-7FF4-4052-9AE3-A6EF675B3F7B}.Debug|Any CPU.Build.0 = Debug|Any CPU
		{6F1F2C21-7FF4-4052-9AE3-A6EF675B3F7B}.Release|Any CPU.ActiveCfg = Release|Any CPU
		{6F1F2C21-7FF4-4052-9AE3-A6EF675B3F7B}.Release|Any CPU.Build.0 = Release|Any CPU
	EndGlobalSection
	GlobalSection(SolutionProperties) = preSolution
		HideSolutionNode = FALSE
	EndGlobalSection
	GlobalSection(ExtensibilityGlobals) = postSolution
		SolutionGuid = {4B790915-C4D3-4295-877A-53126DE739A6}
	EndGlobalSection
EndGlobal
