
Microsoft Visual Studio Solution File, Format Version 12.00
# Visual Studio 15
VisualStudioVersion = 15.0.27703.2042
MinimumVisualStudioVersion = 10.0.40219.1
Project("{9A19103F-16F7-4668-BE54-9A1E7A4F7556}") = "CoverletTest", "CoverletTest\CoverletTest.csproj", "{5AEC80B8-373C-4DBE-84BD-BE4921E5DAE3}"
EndProject
Project("{FAE04EC0-301F-11D3-BF4B-00C04F79EFBC}") = "CoverletSampleLib", "CoverletSampleLib\CoverletSampleLib.csproj", "{3CC8AF13-959B-4EE7-AC28-7B1069B0FFBD}"
EndProject
Global
	GlobalSection(SolutionConfigurationPlatforms) = preSolution
		Debug|Any CPU = Debug|Any CPU
		Release|Any CPU = Release|Any CPU
	EndGlobalSection
	GlobalSection(ProjectConfigurationPlatforms) = postSolution
		{5AEC80B8-373C-4DBE-84BD-BE4921E5DAE3}.Debug|Any CPU.ActiveCfg = Debug|Any CPU
		{5AEC80B8-373C-4DBE-84BD-BE4921E5DAE3}.Debug|Any CPU.Build.0 = Debug|Any CPU
		{5AEC80B8-373C-4DBE-84BD-BE4921E5DAE3}.Release|Any CPU.ActiveCfg = Release|Any CPU
		{5AEC80B8-373C-4DBE-84BD-BE4921E5DAE3}.Release|Any CPU.Build.0 = Release|Any CPU
		{3CC8AF13-959B-4EE7-AC28-7B1069B0FFBD}.Debug|Any CPU.ActiveCfg = Debug|Any CPU
		{3CC8AF13-959B-4EE7-AC28-7B1069B0FFBD}.Debug|Any CPU.Build.0 = Debug|Any CPU
		{3CC8AF13-959B-4EE7-AC28-7B1069B0FFBD}.Release|Any CPU.ActiveCfg = Release|Any CPU
		{3CC8AF13-959B-4EE7-AC28-7B1069B0FFBD}.Release|Any CPU.Build.0 = Release|Any CPU
	EndGlobalSection
	GlobalSection(SolutionProperties) = preSolution
		HideSolutionNode = FALSE
	EndGlobalSection
	GlobalSection(ExtensibilityGlobals) = postSolution
		SolutionGuid = {25C23448-D3CD-46B4-A6B2-0EF098F0D547}
	EndGlobalSection
EndGlobal
