
Microsoft Visual Studio Solution File, Format Version 12.00
# Visual Studio Version 17
VisualStudioVersion = 17.0.31903.59
MinimumVisualStudioVersion = 10.0.40219.1
Project("{2150E333-8FDC-42A3-9474-1A3956D46DE8}") = "src", "src", "{02EA681E-C7D8-13C7-8484-4AC65E1B71E8}"
EndProject
Project("{2150E333-8FDC-42A3-9474-1A3956D46DE8}") = "tests", "tests", "{01D385D6-E5B9-4725-A3C3-61E8DB597288}"
EndProject
Project("{FAE04EC0-301F-11D3-BF4B-00C04F79EFBC}") = "Calculator.Tests", "tests\Calculator.Tests\Calculator.Tests.csproj", "{A33A64AD-AB83-4CFA-8FEE-8A398158AB0F}"
EndProject
Project("{FAE04EC0-301F-11D3-BF4B-00C04F79EFBC}") = "Calculator", "src\Calculator\Calculator.csproj", "{010CCA1F-DB51-2D32-D5F5-B248B413390F}"
EndProject
Global
	GlobalSection(SolutionConfigurationPlatforms) = preSolution
		Debug|Any CPU = Debug|Any CPU
		Release|Any CPU = Release|Any CPU
	EndGlobalSection
	GlobalSection(ProjectConfigurationPlatforms) = postSolution
		{A33A64AD-AB83-4CFA-8FEE-8A398158AB0F}.Debug|Any CPU.ActiveCfg = Debug|Any CPU
		{A33A64AD-AB83-4CFA-8FEE-8A398158AB0F}.Debug|Any CPU.Build.0 = Debug|Any CPU
		{A33A64AD-AB83-4CFA-8FEE-8A398158AB0F}.Release|Any CPU.ActiveCfg = Release|Any CPU
		{A33A64AD-AB83-4CFA-8FEE-8A398158AB0F}.Release|Any CPU.Build.0 = Release|Any CPU
		{010CCA1F-DB51-2D32-D5F5-B248B413390F}.Debug|Any CPU.ActiveCfg = Debug|Any CPU
		{010CCA1F-DB51-2D32-D5F5-B248B413390F}.Debug|Any CPU.Build.0 = Debug|Any CPU
		{010CCA1F-DB51-2D32-D5F5-B248B413390F}.Release|Any CPU.ActiveCfg = Release|Any CPU
		{010CCA1F-DB51-2D32-D5F5-B248B413390F}.Release|Any CPU.Build.0 = Release|Any CPU
	EndGlobalSection
	GlobalSection(SolutionProperties) = preSolution
		HideSolutionNode = FALSE
	EndGlobalSection
	GlobalSection(NestedProjects) = preSolution
		{A33A64AD-AB83-4CFA-8FEE-8A398158AB0F} = {01D385D6-E5B9-4725-A3C3-61E8DB597288}
		{010CCA1F-DB51-2D32-D5F5-B248B413390F} = {02EA681E-C7D8-13C7-8484-4AC65E1B71E8}
	EndGlobalSection
EndGlobal
